{
  "nodes": {
    "nixpkgs": {
      "locked": {
        "lastModified": 1780930886,
        "narHash": "sha256-rppURzHviaQN131F+nLiLdGfcb0uCd9gGP0E5+iw9MI=",
        "owner": "NixOS",
        "repo": "nixpkgs",
        "rev": "8c3cede7ddc26bd659d2d383b5610efbd2c7a16e",
        "type": "github"
      },
      "original": {
        "owner": "NixOS",
        "ref": "nixpkgs-unstable",
        "repo": "nixpkgs",
        "type": "github"
      }
    },
    "node": {
      "flake": false,
      "locked": {
        "lastModified": 1780667178,
        "narHash": "sha256-lFVL+HtcvrZdmKvGVIIZR8aEkUZtfsuFz0ix95B7/XU=",
        "ref": "master",
        "rev": "6ca607f4ec5e4fe0551bf5d0f1a5c2df656703ad",
        "revCount": 48986,
        "type": "git",
        "url": "https://github.com/2140-dev/bitcoin.git"
      },
      "original": {
        "ref": "master",
        "type": "git",
        "url": "https://github.com/2140-dev/bitcoin.git"
      }
    },
    "root": {
      "inputs": {
        "nixpkgs": "nixpkgs",
        "node": "node",
        "treefmt-nix": "treefmt-nix"
      }
    },
    "treefmt-nix": {
      "inputs": {
        "nixpkgs": [
          "nixpkgs"
        ]
      },
      "locked": {
        "lastModified": 1780220602,
        "narHash": "sha256-eynAfOmbmxJnkp7YewvCEbShNnnYJ9gLLqkzsYtBPeM=",
        "owner": "numtide",
        "repo": "treefmt-nix",
        "rev": "db947814a175b7ca6ded66e21383d938df01c227",
        "type": "github"
      },
      "original": {
        "owner": "numtide",
        "repo": "treefmt-nix",
        "type": "github"
      }
    }
  },
  "root": "root",
  "version": 7
}
